// !$*UTF8*$!
{
	archiveVersion = 1;
	classes = {
	};
	objectVersion = 51;
	objects = {

/* Begin PBXBuildFile section */
		39BC9DAB5DD28170BED6293B /* Pods_codepath_instagram.framework in Frameworks */ = {isa = PBXBuildFile; fileRef = 8DF59CA6E00BD2686EDAF41E /* Pods_codepath_instagram.framework */; };
		8A3EA790237CEBB900286742 /* LoginViewController.swift in Sources */ = {isa = PBXBuildFile; fileRef = 8A3EA78F237CEBB900286742 /* LoginViewController.swift */; };
		8A3EA792237CEBC400286742 /* FeedViewController.swift in Sources */ = {isa = PBXBuildFile; fileRef = 8A3EA791237CEBC400286742 /* FeedViewController.swift */; };
		8AA45171237CE81400C8903B /* AppDelegate.swift in Sources */ = {isa = PBXBuildFile; fileRef = 8AA45170237CE81400C8903B /* AppDelegate.swift */; };
		8AA45173237CE81400C8903B /* SceneDelegate.swift in Sources */ = {isa = PBXBuildFile; fileRef = 8AA45172237CE81400C8903B /* SceneDelegate.swift */; };
		8AA45178237CE81400C8903B /* Main.storyboard in Resources */ = {isa = PBXBuildFile; fileRef = 8AA45176237CE81400C8903B /* Main.storyboard */; };
		8AA4517A237CE81600C8903B /* Assets.xcassets in Resources */ = {isa = PBXBuildFile; fileRef = 8AA45179237CE81600C8903B /* Assets.xcassets */; };
		8AA4517D237CE81600C8903B /* LaunchScreen.storyboard in Resources */ = {isa = PBXBuildFile; fileRef = 8AA4517B237CE81600C8903B /* LaunchScreen.storyboard */; };
/* End PBXBuildFile section */

/* Begin PBXFileReference section */
		464E82D2770358F6CDC51294 /* Pods-codepath-instagram.debug.xcconfig */ = {isa = PBXFileReference; includeInIndex = 1; lastKnownFileType = text.xcconfig; name = "Pods-codepath-instagram.debug.xcconfig"; path = "Target Support Files/Pods-codepath-instagram/Pods-codepath-instagram.debug.xcconfig"; sourceTree = "<group>"; };
		69059CF1379E2964D24F55FC /* Pods-codepath-instagram.release.xcconfig */ = {isa = PBXFileReference; includeInIndex = 1; lastKnownFileType = text.xcconfig; name = "Pods-codepath-instagram.release.xcconfig"; path = "Target Support Files/Pods-codepath-instagram/Pods-codepath-instagram.release.xcconfig"; sourceTree = "<group>"; };
		8A3EA78F237CEBB900286742 /* LoginViewController.swift */ = {isa = PBXFileReference; lastKnownFileType = sourcecode.swift; path = LoginViewController.swift; sourceTree = "<group>"; };
		8A3EA791237CEBC400286742 /* FeedViewController.swift */ = {isa = PBXFileReference; lastKnownFileType = sourcecode.swift; path = FeedViewController.swift; sourceTree = "<group>"; };
		8AA4516D237CE81400C8903B /* codepath-instagram.app */ = {isa = PBXFileReference; explicitFileType = wrapper.application; includeInIndex = 0; path = "codepath-instagram.app"; sourceTree = BUILT_PRODUCTS_DIR; };
		8AA45170237CE81400C8903B /* AppDelegate.swift */ = {isa = PBXFileReference; lastKnownFileType = sourcecode.swift; path = AppDelegate.swift; sourceTree = "<group>"; };
		8AA45172237CE81400C8903B /* SceneDelegate.swift */ = {isa = PBXFileReference; lastKnownFileType = sourcecode.swift; path = SceneDelegate.swift; sourceTree = "<group>"; };
		8AA45177237CE81400C8903B /* Base */ = {isa = PBXFileReference; lastKnownFileType = file.storyboard; name = Base; path = Base.lproj/Main.storyboard; sourceTree = "<group>"; };
		8AA45179237CE81600C8903B /* Assets.xcassets */ = {isa = PBXFileReference; lastKnownFileType = folder.assetcatalog; path = Assets.xcassets; sourceTree = "<group>"; };
		8AA4517C237CE81600C8903B /* Base */ = {isa = PBXFileReference; lastKnownFileType = file.storyboard; name = Base; path = Base.lproj/LaunchScreen.storyboard; sourceTree = "<group>"; };
		8AA4517E237CE81600C8903B /* Info.plist */ = {isa = PBXFileReference; lastKnownFileType = text.plist.xml; path = Info.plist; sourceTree = "<group>"; };
		8DF59CA6E00BD2686EDAF41E /* Pods_codepath_instagram.framework */ = {isa = PBXFileReference; explicitFileType = wrapper.framework; includeInIndex = 0; path = Pods_codepath_instagram.framework; sourceTree = BUILT_PRODUCTS_DIR; };
/* End PBXFileReference section */

/* Begin PBXFrameworksBuildPhase section */
		8AA4516A237CE81400C8903B /* Frameworks */ = {
			isa = PBXFrameworksBuildPhase;
			buildActionMask = 2147483647;
			files = (
				39BC9DAB5DD28170BED6293B /* Pods_codepath_instagram.framework in Frameworks */,
			);
			runOnlyForDeploymentPostprocessing = 0;
		};
/* End PBXFrameworksBuildPhase section */

/* Begin PBXGroup section */
		02562D52F33EBD54EDBB7F06 /* Frameworks */ = {
			isa = PBXGroup;
			children = (
				8DF59CA6E00BD2686EDAF41E /* Pods_codepath_instagram.framework */,
			);
			name = Frameworks;
			sourceTree = "<group>";
		};
		8A3EA78D237CEB3D00286742 /* Views */ = {
			isa = PBXGroup;
			children = (
			);
			path = Views;
			sourceTree = "<group>";
		};
		8A3EA78E237CEB4300286742 /* Controllers */ = {
			isa = PBXGroup;
			children = (
				8A3EA78F237CEBB900286742 /* LoginViewController.swift */,
				8A3EA791237CEBC400286742 /* FeedViewController.swift */,
			);
			path = Controllers;
			sourceTree = "<group>";
		};
		8AA45164237CE81400C8903B = {
			isa = PBXGroup;
			children = (
				8AA4516F237CE81400C8903B /* codepath-instagram */,
				8AA4516E237CE81400C8903B /* Products */,
				FAE63FF40BE4E11D25CCB339 /* Pods */,
				02562D52F33EBD54EDBB7F06 /* Frameworks */,
			);
			sourceTree = "<group>";
		};
		8AA4516E237CE81400C8903B /* Products */ = {
			isa = PBXGroup;
			children = (
				8AA4516D237CE81400C8903B /* codepath-instagram.app */,
			);
			name = Products;
			sourceTree = "<group>";
		};
		8AA4516F237CE81400C8903B /* codepath-instagram */ = {
			isa = PBXGroup;
			children = (
				8A3EA78E237CEB4300286742 /* Controllers */,
				8A3EA78D237CEB3D00286742 /* Views */,
				8AA45170237CE81400C8903B /* AppDelegate.swift */,
				8AA45172237CE81400C8903B /* SceneDelegate.swift */,
				8AA45176237CE81400C8903B /* Main.storyboard */,
				8AA45179237CE81600C8903B /* Assets.xcassets */,
				8AA4517B237CE81600C8903B /* LaunchScreen.storyboard */,
				8AA4517E237CE81600C8903B /* Info.plist */,
			);
			path = "codepath-instagram";
			sourceTree = "<group>";
		};
		FAE63FF40BE4E11D25CCB339 /* Pods */ = {
			isa = PBXGroup;
			children = (
				464E82D2770358F6CDC51294 /* Pods-codepath-instagram.debug.xcconfig */,
				69059CF1379E2964D24F55FC /* Pods-codepath-instagram.release.xcconfig */,
			);
			path = Pods;
			sourceTree = "<group>";
		};
/* End PBXGroup section */

/* Begin PBXNativeTarget section */
		8AA4516C237CE81400C8903B /* codepath-instagram */ = {
			isa = PBXNativeTarget;
			buildConfigurationList = 8AA45181237CE81600C8903B /* Build configuration list for PBXNativeTarget "codepath-instagram" */;
			buildPhases = (
				7DC47F5072102E81B14ACFAC /* [CP] Check Pods Manifest.lock */,
				8AA45169237CE81400C8903B /* Sources */,
				8AA4516A237CE81400C8903B /* Frameworks */,
				8AA4516B237CE81400C8903B /* Resources */,
				87A9B12A876685CDE60B3A48 /* [CP] Embed Pods Frameworks */,
			);
			buildRules = (
			);
			dependencies = (
			);
			name = "codepath-instagram";
			productName = "codepath-instagram";
			productReference = 8AA4516D237CE81400C8903B /* codepath-instagram.app */;
			productType = "com.apple.product-type.application";
		};
/* End PBXNativeTarget section */

/* Begin PBXProject section */
		8AA45165237CE81400C8903B /* Project object */ = {
			isa = PBXProject;
			attributes = {
				LastSwiftUpdateCheck = 1100;
				LastUpgradeCheck = 1100;
				ORGANIZATIONNAME = "Sergio P.";
				TargetAttributes = {
					8AA4516C237CE81400C8903B = {
						CreatedOnToolsVersion = 11.0;
					};
				};
			};
			buildConfigurationList = 8AA45168237CE81400C8903B /* Build configuration list for PBXProject "codepath-instagram" */;
			compatibilityVersion = "Xcode 9.3";
			developmentRegion = en;
			hasScannedForEncodings = 0;
			knownRegions = (
				en,
				Base,
			);
			mainGroup = 8AA45164237CE81400C8903B;
			productRefGroup = 8AA4516E237CE81400C8903B /* Products */;
			projectDirPath = "";
			projectRoot = "";
			targets = (
				8AA4516C237CE81400C8903B /* codepath-instagram */,
			);
		};
/* End PBXProject section */

/* Begin PBXResourcesBuildPhase section */
		8AA4516B237CE81400C8903B /* Resources */ = {
			isa = PBXResourcesBuildPhase;
			buildActionMask = 2147483647;
			files = (
				8AA4517D237CE81600C8903B /* LaunchScreen.storyboard in Resources */,
				8AA4517A237CE81600C8903B /* Assets.xcassets in Resources */,
				8AA45178237CE81400C8903B /* Main.storyboard in Resources */,
			);
			runOnlyForDeploymentPostprocessing = 0;
		};
/* End PBXResourcesBuildPhase section */

/* Begin PBXShellScriptBuildPhase section */
		7DC47F5072102E81B14ACFAC /* [CP] Check Pods Manifest.lock */ = {
			isa = PBXShellScriptBuildPhase;
			buildActionMask = 2147483647;
			files = (
			);
			inputFileListPaths = (
			);
			inputPaths = (
				"${PODS_PODFILE_DIR_PATH}/Podfile.lock",
				"${PODS_ROOT}/Manifest.lock",
			);
			name = "[CP] Check Pods Manifest.lock";
			outputFileListPaths = (
			);
			outputPaths = (
				"$(DERIVED_FILE_DIR)/Pods-codepath-instagram-checkManifestLockResult.txt",
			);
			runOnlyForDeploymentPostprocessing = 0;
			shellPath = /bin/sh;
			shellScript = "diff \"${PODS_PODFILE_DIR_PATH}/Podfile.lock\" \"${PODS_ROOT}/Manifest.lock\" > /dev/null\nif [ $? != 0 ] ; then\n    # print error to STDERR\n    echo \"error: The sandbox is not in sync with the Podfile.lock. Run 'pod install' or update your CocoaPods installation.\" >&2\n    exit 1\nfi\n# This output is used by Xcode 'outputs' to avoid re-running this script phase.\necho \"SUCCESS\" > \"${SCRIPT_OUTPUT_FILE_0}\"\n";
			showEnvVarsInLog = 0;
		};
		87A9B12A876685CDE60B3A48 /* [CP] Embed Pods Frameworks */ = {
			isa = PBXShellScriptBuildPhase;
			buildActionMask = 2147483647;
			files = (
			);
			inputFileListPaths = (
				"${PODS_ROOT}/Target Support Files/Pods-codepath-instagram/Pods-codepath-instagram-frameworks-${CONFIGURATION}-input-files.xcfilelist",
			);
			name = "[CP] Embed Pods Frameworks";
			outputFileListPaths = (
				"${PODS_ROOT}/Target Support Files/Pods-codepath-instagram/Pods-codepath-instagram-frameworks-${CONFIGURATION}-output-files.xcfilelist",
			);
			runOnlyForDeploymentPostprocessing = 0;
			shellPath = /bin/sh;
			shellScript = "\"${PODS_ROOT}/Target Support Files/Pods-codepath-instagram/Pods-codepath-instagram-frameworks.sh\"\n";
			showEnvVarsInLog = 0;
		};
/* End PBXShellScriptBuildPhase section */

/* Begin PBXSourcesBuildPhase section */
		8AA45169237CE81400C8903B /* Sources */ = {
			isa = PBXSourcesBuildPhase;
			buildActionMask = 2147483647;
			files = (
				8A3EA790237CEBB900286742 /* LoginViewController.swift in Sources */,
				8AA45171237CE81400C8903B /* AppDelegate.swift in Sources */,
				8A3EA792237CEBC400286742 /* FeedViewController.swift in Sources */,
				8AA45173237CE81400C8903B /* SceneDelegate.swift in Sources */,
			);
			runOnlyForDeploymentPostprocessing = 0;
		};
/* End PBXSourcesBuildPhase section */

/* Begin PBXVariantGroup section */
		8AA45176237CE81400C8903B /* Main.storyboard */ = {
			isa = PBXVariantGroup;
			children = (
				8AA45177237CE81400C8903B /* Base */,
			);
			name = Main.storyboard;
			sourceTree = "<group>";
		};
		8AA4517B237CE81600C8903B /* LaunchScreen.storyboard */ = {
			isa = PBXVariantGroup;
			children = (
				8AA4517C237CE81600C8903B /* Base */,
			);
			name = LaunchScreen.storyboard;
			sourceTree = "<group>";
		};
/* End PBXVariantGroup section */

/* Begin XCBuildConfiguration section */
		8AA4517F237CE81600C8903B /* Debug */ = {
			isa = XCBuildConfiguration;
			buildSettings = {
				ALWAYS_SEARCH_USER_PATHS = NO;
				CLANG_ANALYZER_NONNULL = YES;
				CLANG_ANALYZER_NUMBER_OBJECT_CONVERSION = YES_AGGRESSIVE;
				CLANG_CXX_LANGUAGE_STANDARD = "gnu++14";
				CLANG_CXX_LIBRARY = "libc++";
				CLANG_ENABLE_MODULES = YES;
				CLANG_ENABLE_OBJC_ARC = YES;
				CLANG_ENABLE_OBJC_WEAK = YES;
				CLANG_WARN_BLOCK_CAPTURE_AUTORELEASING = YES;
				CLANG_WARN_BOOL_CONVERSION = YES;
				CLANG_WARN_COMMA = YES;
				CLANG_WARN_CONSTANT_CONVERSION = YES;
				CLANG_WARN_DEPRECATED_OBJC_IMPLEMENTATIONS = YES;
				CLANG_WARN_DIRECT_OBJC_ISA_USAGE = YES_ERROR;
				CLANG_WARN_DOCUMENTATION_COMMENTS = YES;
				CLANG_WARN_EMPTY_BODY = YES;
				CLANG_WARN_ENUM_CONVERSION = YES;
				CLANG_WARN_INFINITE_RECURSION = YES;
				CLANG_WARN_INT_CONVERSION = YES;
				CLANG_WARN_NON_LITERAL_NULL_CONVERSION = YES;
				CLANG_WARN_OBJC_IMPLICIT_RETAIN_SELF = YES;
				CLANG_WARN_OBJC_LITERAL_CONVERSION = YES;
				CLANG_WARN_OBJC_ROOT_CLASS = YES_ERROR;
				CLANG_WARN_RANGE_LOOP_ANALYSIS = YES;
				CLANG_WARN_STRICT_PROTOTYPES = YES;
				CLANG_WARN_SUSPICIOUS_MOVE = YES;
				CLANG_WARN_UNGUARDED_AVAILABILITY = YES_AGGRESSIVE;
				CLANG_WARN_UNREACHABLE_CODE = YES;
				CLANG_WARN__DUPLICATE_METHOD_MATCH = YES;
				COPY_PHASE_STRIP = NO;
				DEBUG_INFORMATION_FORMAT = dwarf;
				ENABLE_STRICT_OBJC_MSGSEND = YES;
				ENABLE_TESTABILITY = YES;
				GCC_C_LANGUAGE_STANDARD = gnu11;
				GCC_DYNAMIC_NO_PIC = NO;
				GCC_NO_COMMON_BLOCKS = YES;
				GCC_OPTIMIZATION_LEVEL = 0;
				GCC_PREPROCESSOR_DEFINITIONS = (
					"DEBUG=1",
					"$(inherited)",
				);
				GCC_WARN_64_TO_32_BIT_CONVERSION = YES;
				GCC_WARN_ABOUT_RETURN_TYPE = YES_ERROR;
				GCC_WARN_UNDECLARED_SELECTOR = YES;
				GCC_WARN_UNINITIALIZED_AUTOS = YES_AGGRESSIVE;
				GCC_WARN_UNUSED_FUNCTION = YES;
				GCC_WARN_UNUSED_VARIABLE = YES;
				IPHONEOS_DEPLOYMENT_TARGET = 13.0;
				MTL_ENABLE_DEBUG_INFO = INCLUDE_SOURCE;
				MTL_FAST_MATH = YES;
				ONLY_ACTIVE_ARCH = YES;
				SDKROOT = iphoneos;
				SWIFT_ACTIVE_COMPILATION_CONDITIONS = DEBUG;
				SWIFT_OPTIMIZATION_LEVEL = "-Onone";
			};
			name = Debug;
		};
		8AA45180237CE81600C8903B /* Release */ = {
			isa = XCBuildConfiguration;
			buildSettings = {
				ALWAYS_SEARCH_USER_PATHS = NO;
				CLANG_ANALYZER_NONNULL = YES;
				CLANG_ANALYZER_NUMBER_OBJECT_CONVERSION = YES_AGGRESSIVE;
				CLANG_CXX_LANGUAGE_STANDARD = "gnu++14";
				CLANG_CXX_LIBRARY = "libc++";
				CLANG_ENABLE_MODULES = YES;
				CLANG_ENABLE_OBJC_ARC = YES;
				CLANG_ENABLE_OBJC_WEAK = YES;
				CLANG_WARN_BLOCK_CAPTURE_AUTORELEASING = YES;
				CLANG_WARN_BOOL_CONVERSION = YES;
				CLANG_WARN_COMMA = YES;
				CLANG_WARN_CONSTANT_CONVERSION = YES;
				CLANG_WARN_DEPRECATED_OBJC_IMPLEMENTATIONS = YES;
				CLANG_WARN_DIRECT_OBJC_ISA_USAGE = YES_ERROR;
				CLANG_WARN_DOCUMENTATION_COMMENTS = YES;
				CLANG_WARN_EMPTY_BODY = YES;
				CLANG_WARN_ENUM_CONVERSION = YES;
				CLANG_WARN_INFINITE_RECURSION = YES;
				CLANG_WARN_INT_CONVERSION = YES;
				CLANG_WARN_NON_LITERAL_NULL_CONVERSION = YES;
				CLANG_WARN_OBJC_IMPLICIT_RETAIN_SELF = YES;
				CLANG_WARN_OBJC_LITERAL_CONVERSION = YES;
				CLANG_WARN_OBJC_ROOT_CLASS = YES_ERROR;
				CLANG_WARN_RANGE_LOOP_ANALYSIS = YES;
				CLANG_WARN_STRICT_PROTOTYPES = YES;
				CLANG_WARN_SUSPICIOUS_MOVE = YES;
				CLANG_WARN_UNGUARDED_AVAILABILITY = YES_AGGRESSIVE;
				CLANG_WARN_UNREACHABLE_CODE = YES;
				CLANG_WARN__DUPLICATE_METHOD_MATCH = YES;
				COPY_PHASE_STRIP = NO;
				DEBUG_INFORMATION_FORMAT = "dwarf-with-dsym";
				ENABLE_NS_ASSERTIONS = NO;
				ENABLE_STRICT_OBJC_MSGSEND = YES;
				GCC_C_LANGUAGE_STANDARD = gnu11;
				GCC_NO_COMMON_BLOCKS = YES;
				GCC_WARN_64_TO_32_BIT_CONVERSION = YES;
				GCC_WARN_ABOUT_RETURN_TYPE = YES_ERROR;
				GCC_WARN_UNDECLARED_SELECTOR = YES;
				GCC_WARN_UNINITIALIZED_AUTOS = YES_AGGRESSIVE;
				GCC_WARN_UNUSED_FUNCTION = YES;
				GCC_WARN_UNUSED_VARIABLE = YES;
				IPHONEOS_DEPLOYMENT_TARGET = 13.0;
				MTL_ENABLE_DEBUG_INFO = NO;
				MTL_FAST_MATH = YES;
				SDKROOT = iphoneos;
				SWIFT_COMPILATION_MODE = wholemodule;
				SWIFT_OPTIMIZATION_LEVEL = "-O";
				VALIDATE_PRODUCT = YES;
			};
			name = Release;
		};
		8AA45182237CE81600C8903B /* Debug */ = {
			isa = XCBuildConfiguration;
			baseConfigurationReference = 464E82D2770358F6CDC51294 /* Pods-codepath-instagram.debug.xcconfig */;
			buildSettings = {
				ASSETCATALOG_COMPILER_APPICON_NAME = AppIcon;
				CODE_SIGN_STYLE = Automatic;
				INFOPLIST_FILE = "codepath-instagram/Info.plist";
				LD_RUNPATH_SEARCH_PATHS = (
					"$(inherited)",
					"@executable_path/Frameworks",
				);
				PRODUCT_BUNDLE_IDENTIFIER = "sergiopanjoj.codepath-instagram";
				PRODUCT_NAME = "$(TARGET_NAME)";
				SWIFT_VERSION = 5.0;
				TARGETED_DEVICE_FAMILY = "1,2";
			};
			name = Debug;
		};
		8AA45183237CE81600C8903B /* Release */ = {
			isa = XCBuildConfiguration;
			baseConfigurationReference = 69059CF1379E2964D24F55FC /* Pods-codepath-instagram.release.xcconfig */;
			buildSettings = {
				ASSETCATALOG_COMPILER_APPICON_NAME = AppIcon;
				CODE_SIGN_STYLE = Automatic;
				INFOPLIST_FILE = "codepath-instagram/Info.plist";
				LD_RUNPATH_SEARCH_PATHS = (
					"$(inherited)",
					"@executable_path/Frameworks",
				);
				PRODUCT_BUNDLE_IDENTIFIER = "sergiopanjoj.codepath-instagram";
				PRODUCT_NAME = "$(TARGET_NAME)";
				SWIFT_VERSION = 5.0;
				TARGETED_DEVICE_FAMILY = "1,2";
			};
			name = Release;
		};
/* End XCBuildConfiguration section */

/* Begin XCConfigurationList section */
		8AA45168237CE81400C8903B /* Build configuration list for PBXProject "codepath-instagram" */ = {
			isa = XCConfigurationList;
			buildConfigurations = (
				8AA4517F237CE81600C8903B /* Debug */,
				8AA45180237CE81600C8903B /* Release */,
			);
			defaultConfigurationIsVisible = 0;
			defaultConfigurationName = Release;
		};
		8AA45181237CE81600C8903B /* Build configuration list for PBXNativeTarget "codepath-instagram" */ = {
			isa = XCConfigurationList;
			buildConfigurations = (
				8AA45182237CE81600C8903B /* Debug */,
				8AA45183237CE81600C8903B /* Release */,
			);
			defaultConfigurationIsVisible = 0;
			defaultConfigurationName = Release;
		};
/* End XCConfigurationList section */
	};
	rootObject = 8AA45165237CE81400C8903B /* Project object */;
}
